
Microsoft Visual Studio Solution File, Format Version 12.00
# Visual Studio Version 17
VisualStudioVersion = 17.2.32602.215
MinimumVisualStudioVersion = 10.0.40219.1
Project("{9A19103F-16F7-4668-BE54-9A1E7A4F7556}") = "VisitorsRegistrationSystemBL", "VisitorsRegistrationSystemBL\VisitorsRegistrationSystemBL.csproj", "{A64A0A36-F06F-4765-987E-73AB12CA7660}"
EndProject
Project("{9A19103F-16F7-4668-BE54-9A1E7A4F7556}") = "VisitorsRegistrationSystemDL", "VisitorsRegistrationSystemDL\VisitorsRegistrationSystemDL.csproj", "{D609A3E5-9245-450B-9383-E8791472444B}"
EndProject
Project("{2150E333-8FDC-42A3-9474-1A3956D46DE8}") = "Testing", "Testing", "{95A3DF38-2D25-409C-A909-B339A271772A}"
EndProject
Project("{FAE04EC0-301F-11D3-BF4B-00C04F79EFBC}") = "TestDomain", "TestDomain\TestDomain.csproj", "{726FC8C3-A63E-416F-A40E-E1B741CF2F13}"
EndProject
Global
	GlobalSection(SolutionConfigurationPlatforms) = preSolution
		Debug|Any CPU = Debug|Any CPU
		Release|Any CPU = Release|Any CPU
	EndGlobalSection
	GlobalSection(ProjectConfigurationPlatforms) = postSolution
		{A64A0A36-F06F-4765-987E-73AB12CA7660}.Debug|Any CPU.ActiveCfg = Debug|Any CPU
		{A64A0A36-F06F-4765-987E-73AB12CA7660}.Debug|Any CPU.Build.0 = Debug|Any CPU
		{A64A0A36-F06F-4765-987E-73AB12CA7660}.Release|Any CPU.ActiveCfg = Release|Any CPU
		{A64A0A36-F06F-4765-987E-73AB12CA7660}.Release|Any CPU.Build.0 = Release|Any CPU
		{D609A3E5-9245-450B-9383-E8791472444B}.Debug|Any CPU.ActiveCfg = Debug|Any CPU
		{D609A3E5-9245-450B-9383-E8791472444B}.Debug|Any CPU.Build.0 = Debug|Any CPU
		{D609A3E5-9245-450B-9383-E8791472444B}.Release|Any CPU.ActiveCfg = Release|Any CPU
		{D609A3E5-9245-450B-9383-E8791472444B}.Release|Any CPU.Build.0 = Release|Any CPU
		{726FC8C3-A63E-416F-A40E-E1B741CF2F13}.Debug|Any CPU.ActiveCfg = Debug|Any CPU
		{726FC8C3-A63E-416F-A40E-E1B741CF2F13}.Debug|Any CPU.Build.0 = Debug|Any CPU
		{726FC8C3-A63E-416F-A40E-E1B741CF2F13}.Release|Any CPU.ActiveCfg = Release|Any CPU
		{726FC8C3-A63E-416F-A40E-E1B741CF2F13}.Release|Any CPU.Build.0 = Release|Any CPU
	EndGlobalSection
	GlobalSection(SolutionProperties) = preSolution
		HideSolutionNode = FALSE
	EndGlobalSection
	GlobalSection(NestedProjects) = preSolution
		{726FC8C3-A63E-416F-A40E-E1B741CF2F13} = {95A3DF38-2D25-409C-A909-B339A271772A}
	EndGlobalSection
	GlobalSection(ExtensibilityGlobals) = postSolution
		SolutionGuid = {93B5299E-8338-4175-A048-895A0B96F9DE}
	EndGlobalSection
EndGlobal
