
Microsoft Visual Studio Solution File, Format Version 12.00
# Visual Studio Version 17
VisualStudioVersion = 17.2.32602.215
MinimumVisualStudioVersion = 10.0.40219.1
Project("{9A19103F-16F7-4668-BE54-9A1E7A4F7556}") = "VisitorsRegistrationSystemBL", "VisitorsRegistrationSystemBL\VisitorsRegistrationSystemBL.csproj", "{A64A0A36-F06F-4765-987E-73AB12CA7660}"
EndProject
Project("{9A19103F-16F7-4668-BE54-9A1E7A4F7556}") = "VisitorsRegistrationSystemDL", "VisitorsRegistrationSystemDL\VisitorsRegistrationSystemDL.csproj", "{D609A3E5-9245-450B-9383-E8791472444B}"
EndProject
Project("{2150E333-8FDC-42A3-9474-1A3956D46DE8}") = "Testing", "Testing", "{95A3DF38-2D25-409C-A909-B339A271772A}"
EndProject
Project("{9A19103F-16F7-4668-BE54-9A1E7A4F7556}") = "TestDomain", "TestDomain\TestDomain.csproj", "{726FC8C3-A63E-416F-A40E-E1B741CF2F13}"
EndProject
Project("{9A19103F-16F7-4668-BE54-9A1E7A4F7556}") = "TestManagers", "TestManagers\TestManagers.csproj", "{0B4CAB15-C88F-4E4C-89EC-6102A8BCE606}"
EndProject
Project("{2150E333-8FDC-42A3-9474-1A3956D46DE8}") = "ConsoleApps", "ConsoleApps", "{88655FBB-AC46-4518-94DE-27972D9E9DC8}"
EndProject
Project("{9A19103F-16F7-4668-BE54-9A1E7A4F7556}") = "ConsoleTestingCompanyDL", "ConsoleTestingCompanyDL\ConsoleTestingCompanyDL.csproj", "{D24473F2-F7BE-4C0C-B055-A9C3D0445AEE}"
EndProject
Project("{2150E333-8FDC-42A3-9474-1A3956D46DE8}") = "Arno", "Arno", "{D6253FC4-C54A-4C87-AF7A-A0A75816DB17}"
EndProject
Project("{2150E333-8FDC-42A3-9474-1A3956D46DE8}") = "Ibra", "Ibra", "{2DF2C265-1138-4852-931A-DE1D683E1F5C}"
EndProject
Project("{2150E333-8FDC-42A3-9474-1A3956D46DE8}") = "Petar", "Petar", "{31F2D858-4B5D-434E-8027-6ABE58F26417}"
EndProject
Project("{2150E333-8FDC-42A3-9474-1A3956D46DE8}") = "Tobias", "Tobias", "{582E36FB-ABCE-4902-A1EB-9C812777E5D0}"
EndProject
Project("{9A19103F-16F7-4668-BE54-9A1E7A4F7556}") = "ConsoleTestingVisitDL", "ConsoleTestingVisitDL\ConsoleTestingVisitDL.csproj", "{BFAD2795-D468-400B-B504-4EDFE735EB1C}"
EndProject
Project("{9A19103F-16F7-4668-BE54-9A1E7A4F7556}") = "ConsoleTestingVisitorCUI", "ConsoleTestingVisitorCUI\ConsoleTestingVisitorCUI.csproj", "{825D05D4-99F8-4200-AA12-1DDA9CD1536C}"
EndProject
Project("{9A19103F-16F7-4668-BE54-9A1E7A4F7556}") = "VisitorRegistrationSystemVisitGUI", "VisitorRegistrationSystemVisitGUI\VisitorRegistrationSystemVisitGUI.csproj", "{CEE6B1EA-A901-4B5D-8618-65AFDEE21FDC}"
EndProject
Project("{9A19103F-16F7-4668-BE54-9A1E7A4F7556}") = "VisitorsRegistrationSystemBeheerGUI", "VisitorsRegistrationSystemBeheerGUI\VisitorsRegistrationSystemBeheerGUI.csproj", "{4D2A492A-FF1F-4DE0-A78C-8E07AB34559C}"
EndProject
Project("{9A19103F-16F7-4668-BE54-9A1E7A4F7556}") = "ConsoleTestingVisitorDL", "ConsoleTestingVisitorDL\ConsoleTestingVisitorDL.csproj", "{74306C5E-9224-470A-92AE-834BFD570CB7}"
EndProject
Project("{9A19103F-16F7-4668-BE54-9A1E7A4F7556}") = "TestingMySQLConnection", "TestingMySQLConnection\TestingMySQLConnection.csproj", "{19A81D90-B598-4111-AA60-2B454B25DAFD}"
EndProject
Project("{9A19103F-16F7-4668-BE54-9A1E7A4F7556}") = "ConsoleTestingParkingDL", "ConsoleTestingParkingDL\ConsoleTestingParkingDL.csproj", "{2D421BCD-D780-4EDA-8994-9F2D83CF8E66}"
EndProject
Project("{FAE04EC0-301F-11D3-BF4B-00C04F79EFBC}") = "VATcheckerTest.CA", "VATcheckerTest.CA\VATcheckerTest.CA.csproj", "{5E8B91D1-2CBC-4EC8-91CA-EE12A48DFB12}"
EndProject
Global
	GlobalSection(SolutionConfigurationPlatforms) = preSolution
		Debug|Any CPU = Debug|Any CPU
		Release|Any CPU = Release|Any CPU
	EndGlobalSection
	GlobalSection(ProjectConfigurationPlatforms) = postSolution
		{A64A0A36-F06F-4765-987E-73AB12CA7660}.Debug|Any CPU.ActiveCfg = Debug|Any CPU
		{A64A0A36-F06F-4765-987E-73AB12CA7660}.Debug|Any CPU.Build.0 = Debug|Any CPU
		{A64A0A36-F06F-4765-987E-73AB12CA7660}.Release|Any CPU.ActiveCfg = Release|Any CPU
		{A64A0A36-F06F-4765-987E-73AB12CA7660}.Release|Any CPU.Build.0 = Release|Any CPU
		{D609A3E5-9245-450B-9383-E8791472444B}.Debug|Any CPU.ActiveCfg = Debug|Any CPU
		{D609A3E5-9245-450B-9383-E8791472444B}.Debug|Any CPU.Build.0 = Debug|Any CPU
		{D609A3E5-9245-450B-9383-E8791472444B}.Release|Any CPU.ActiveCfg = Release|Any CPU
		{D609A3E5-9245-450B-9383-E8791472444B}.Release|Any CPU.Build.0 = Release|Any CPU
		{726FC8C3-A63E-416F-A40E-E1B741CF2F13}.Debug|Any CPU.ActiveCfg = Debug|Any CPU
		{726FC8C3-A63E-416F-A40E-E1B741CF2F13}.Debug|Any CPU.Build.0 = Debug|Any CPU
		{726FC8C3-A63E-416F-A40E-E1B741CF2F13}.Release|Any CPU.ActiveCfg = Release|Any CPU
		{726FC8C3-A63E-416F-A40E-E1B741CF2F13}.Release|Any CPU.Build.0 = Release|Any CPU
		{0B4CAB15-C88F-4E4C-89EC-6102A8BCE606}.Debug|Any CPU.ActiveCfg = Debug|Any CPU
		{0B4CAB15-C88F-4E4C-89EC-6102A8BCE606}.Debug|Any CPU.Build.0 = Debug|Any CPU
		{0B4CAB15-C88F-4E4C-89EC-6102A8BCE606}.Release|Any CPU.ActiveCfg = Release|Any CPU
		{0B4CAB15-C88F-4E4C-89EC-6102A8BCE606}.Release|Any CPU.Build.0 = Release|Any CPU
		{D24473F2-F7BE-4C0C-B055-A9C3D0445AEE}.Debug|Any CPU.ActiveCfg = Debug|Any CPU
		{D24473F2-F7BE-4C0C-B055-A9C3D0445AEE}.Debug|Any CPU.Build.0 = Debug|Any CPU
		{D24473F2-F7BE-4C0C-B055-A9C3D0445AEE}.Release|Any CPU.ActiveCfg = Release|Any CPU
		{D24473F2-F7BE-4C0C-B055-A9C3D0445AEE}.Release|Any CPU.Build.0 = Release|Any CPU
		{BFAD2795-D468-400B-B504-4EDFE735EB1C}.Debug|Any CPU.ActiveCfg = Debug|Any CPU
		{BFAD2795-D468-400B-B504-4EDFE735EB1C}.Debug|Any CPU.Build.0 = Debug|Any CPU
		{BFAD2795-D468-400B-B504-4EDFE735EB1C}.Release|Any CPU.ActiveCfg = Release|Any CPU
		{BFAD2795-D468-400B-B504-4EDFE735EB1C}.Release|Any CPU.Build.0 = Release|Any CPU
		{825D05D4-99F8-4200-AA12-1DDA9CD1536C}.Debug|Any CPU.ActiveCfg = Debug|Any CPU
		{825D05D4-99F8-4200-AA12-1DDA9CD1536C}.Debug|Any CPU.Build.0 = Debug|Any CPU
		{825D05D4-99F8-4200-AA12-1DDA9CD1536C}.Release|Any CPU.ActiveCfg = Release|Any CPU
		{825D05D4-99F8-4200-AA12-1DDA9CD1536C}.Release|Any CPU.Build.0 = Release|Any CPU
		{CEE6B1EA-A901-4B5D-8618-65AFDEE21FDC}.Debug|Any CPU.ActiveCfg = Debug|Any CPU
		{CEE6B1EA-A901-4B5D-8618-65AFDEE21FDC}.Debug|Any CPU.Build.0 = Debug|Any CPU
		{CEE6B1EA-A901-4B5D-8618-65AFDEE21FDC}.Release|Any CPU.ActiveCfg = Release|Any CPU
		{CEE6B1EA-A901-4B5D-8618-65AFDEE21FDC}.Release|Any CPU.Build.0 = Release|Any CPU
		{4D2A492A-FF1F-4DE0-A78C-8E07AB34559C}.Debug|Any CPU.ActiveCfg = Debug|Any CPU
		{4D2A492A-FF1F-4DE0-A78C-8E07AB34559C}.Debug|Any CPU.Build.0 = Debug|Any CPU
		{4D2A492A-FF1F-4DE0-A78C-8E07AB34559C}.Release|Any CPU.ActiveCfg = Release|Any CPU
		{4D2A492A-FF1F-4DE0-A78C-8E07AB34559C}.Release|Any CPU.Build.0 = Release|Any CPU
		{74306C5E-9224-470A-92AE-834BFD570CB7}.Debug|Any CPU.ActiveCfg = Debug|Any CPU
		{74306C5E-9224-470A-92AE-834BFD570CB7}.Debug|Any CPU.Build.0 = Debug|Any CPU
		{74306C5E-9224-470A-92AE-834BFD570CB7}.Release|Any CPU.ActiveCfg = Release|Any CPU
		{74306C5E-9224-470A-92AE-834BFD570CB7}.Release|Any CPU.Build.0 = Release|Any CPU
		{19A81D90-B598-4111-AA60-2B454B25DAFD}.Debug|Any CPU.ActiveCfg = Debug|Any CPU
		{19A81D90-B598-4111-AA60-2B454B25DAFD}.Debug|Any CPU.Build.0 = Debug|Any CPU
		{19A81D90-B598-4111-AA60-2B454B25DAFD}.Release|Any CPU.ActiveCfg = Release|Any CPU
		{19A81D90-B598-4111-AA60-2B454B25DAFD}.Release|Any CPU.Build.0 = Release|Any CPU
		{2D421BCD-D780-4EDA-8994-9F2D83CF8E66}.Debug|Any CPU.ActiveCfg = Debug|Any CPU
		{2D421BCD-D780-4EDA-8994-9F2D83CF8E66}.Debug|Any CPU.Build.0 = Debug|Any CPU
		{2D421BCD-D780-4EDA-8994-9F2D83CF8E66}.Release|Any CPU.ActiveCfg = Release|Any CPU
		{2D421BCD-D780-4EDA-8994-9F2D83CF8E66}.Release|Any CPU.Build.0 = Release|Any CPU
		{5E8B91D1-2CBC-4EC8-91CA-EE12A48DFB12}.Debug|Any CPU.ActiveCfg = Debug|Any CPU
		{5E8B91D1-2CBC-4EC8-91CA-EE12A48DFB12}.Debug|Any CPU.Build.0 = Debug|Any CPU
		{5E8B91D1-2CBC-4EC8-91CA-EE12A48DFB12}.Release|Any CPU.ActiveCfg = Release|Any CPU
		{5E8B91D1-2CBC-4EC8-91CA-EE12A48DFB12}.Release|Any CPU.Build.0 = Release|Any CPU
	EndGlobalSection
	GlobalSection(SolutionProperties) = preSolution
		HideSolutionNode = FALSE
	EndGlobalSection
	GlobalSection(NestedProjects) = preSolution
		{726FC8C3-A63E-416F-A40E-E1B741CF2F13} = {95A3DF38-2D25-409C-A909-B339A271772A}
		{0B4CAB15-C88F-4E4C-89EC-6102A8BCE606} = {95A3DF38-2D25-409C-A909-B339A271772A}
		{D24473F2-F7BE-4C0C-B055-A9C3D0445AEE} = {D6253FC4-C54A-4C87-AF7A-A0A75816DB17}
		{D6253FC4-C54A-4C87-AF7A-A0A75816DB17} = {88655FBB-AC46-4518-94DE-27972D9E9DC8}
		{2DF2C265-1138-4852-931A-DE1D683E1F5C} = {88655FBB-AC46-4518-94DE-27972D9E9DC8}
		{31F2D858-4B5D-434E-8027-6ABE58F26417} = {88655FBB-AC46-4518-94DE-27972D9E9DC8}
		{582E36FB-ABCE-4902-A1EB-9C812777E5D0} = {88655FBB-AC46-4518-94DE-27972D9E9DC8}
		{BFAD2795-D468-400B-B504-4EDFE735EB1C} = {D6253FC4-C54A-4C87-AF7A-A0A75816DB17}
		{825D05D4-99F8-4200-AA12-1DDA9CD1536C} = {31F2D858-4B5D-434E-8027-6ABE58F26417}
		{74306C5E-9224-470A-92AE-834BFD570CB7} = {D6253FC4-C54A-4C87-AF7A-A0A75816DB17}
		{19A81D90-B598-4111-AA60-2B454B25DAFD} = {2DF2C265-1138-4852-931A-DE1D683E1F5C}
		{2D421BCD-D780-4EDA-8994-9F2D83CF8E66} = {D6253FC4-C54A-4C87-AF7A-A0A75816DB17}
		{5E8B91D1-2CBC-4EC8-91CA-EE12A48DFB12} = {2DF2C265-1138-4852-931A-DE1D683E1F5C}
	EndGlobalSection
	GlobalSection(ExtensibilityGlobals) = postSolution
		SolutionGuid = {93B5299E-8338-4175-A048-895A0B96F9DE}
	EndGlobalSection
EndGlobal
